
Microsoft Visual Studio Solution File, Format Version 12.00
Project("{FAE04EC0-301F-11D3-BF4B-00C04F79EFBC}") = "Renci.SshNet.NETCore", "Renci.SshNet.NETCore\Renci.SshNet.NETCore.csproj", "{1FAD48B4-9F0D-4683-A6B1-15DE3E2D1902}"
EndProject
Project("{FAE04EC0-301F-11D3-BF4B-00C04F79EFBC}") = "Issue355BugRepo", "Issue355BugRepo\Issue355BugRepo.csproj", "{B6E5ECEA-A471-47A3-8651-3A9535E5C3E9}"
EndProject
Global
	GlobalSection(SolutionConfigurationPlatforms) = preSolution
		Debug|Any CPU = Debug|Any CPU
		Release|Any CPU = Release|Any CPU
	EndGlobalSection
	GlobalSection(ProjectConfigurationPlatforms) = postSolution
		{1FAD48B4-9F0D-4683-A6B1-15DE3E2D1902}.Debug|Any CPU.ActiveCfg = Debug|Any CPU
		{1FAD48B4-9F0D-4683-A6B1-15DE3E2D1902}.Debug|Any CPU.Build.0 = Debug|Any CPU
		{1FAD48B4-9F0D-4683-A6B1-15DE3E2D1902}.Release|Any CPU.ActiveCfg = Release|Any CPU
		{1FAD48B4-9F0D-4683-A6B1-15DE3E2D1902}.Release|Any CPU.Build.0 = Release|Any CPU
		{B6E5ECEA-A471-47A3-8651-3A9535E5C3E9}.Debug|Any CPU.ActiveCfg = Debug|Any CPU
		{B6E5ECEA-A471-47A3-8651-3A9535E5C3E9}.Debug|Any CPU.Build.0 = Debug|Any CPU
		{B6E5ECEA-A471-47A3-8651-3A9535E5C3E9}.Release|Any CPU.ActiveCfg = Release|Any CPU
		{B6E5ECEA-A471-47A3-8651-3A9535E5C3E9}.Release|Any CPU.Build.0 = Release|Any CPU
	EndGlobalSection
EndGlobal
